<?xml version="1.0" encoding="utf-8"?>
<Project ToolsVersion="4.0" xmlns="http://schemas.microsoft.com/developer/msbuild/2003">
  <ItemGroup>
    <Filter Include="头文件">
      <UniqueIdentifier>{cfc29e99-8453-46b7-b761-1f8aeaba78e1}</UniqueIdentifier>
    </Filter>
    <Filter Include="源文件">
      <UniqueIdentifier>{52d1be97-c14a-4894-8c7d-b7f6498afefb}</UniqueIdentifier>
    </Filter>
  </ItemGroup>
  <ItemGroup>
    <ClCompile Include="..\src\atmosphere.c">
      <Filter>源文件</Filter>
    </ClCompile>
    <ClCompile Include="..\src\background.c">
      <Filter>源文件</Filter>
    </ClCompile>
    <ClCompile Include="..\src\camera.c">
      <Filter>源文件</Filter>
    </ClCompile>
    <ClCompile Include="..\src\chunk.c">
      <Filter>源文件</Filter>
    </ClCompile>
    <ClCompile Include="..\src\ease.c">
      <Filter>源文件</Filter>
    </ClCompile>
    <ClCompile Include="..\src\file.c">
      <Filter>源文件</Filter>
    </ClCompile>
    <ClCompile Include="..\src\io.c">
      <Filter>源文件</Filter>
    </ClCompile>
    <ClCompile Include="..\src\light.c">
      <Filter>源文件</Filter>
    </ClCompile>
    <ClCompile Include="..\src\material.c">
      <Filter>源文件</Filter>
    </ClCompile>
    <ClCompile Include="..\src\matrix.c">
      <Filter>源文件</Filter>
    </ClCompile>
    <ClCompile Include="..\src\mesh.c">
      <Filter>源文件</Filter>
    </ClCompile>
    <ClCompile Include="..\src\node.c">
      <Filter>源文件</Filter>
    </ClCompile>
    <ClCompile Include="..\src\quat.c">
      <Filter>源文件</Filter>
    </ClCompile>
    <ClCompile Include="..\src\shadow.c">
      <Filter>源文件</Filter>
    </ClCompile>
    <ClCompile Include="..\src\tcb.c">
      <Filter>源文件</Filter>
    </ClCompile>
    <ClCompile Include="..\src\tracks.c">
      <Filter>源文件</Filter>
    </ClCompile>
    <ClCompile Include="..\src\vector.c">
      <Filter>源文件</Filter>
    </ClCompile>
    <ClCompile Include="..\src\viewport.c">
      <Filter>源文件</Filter>
    </ClCompile>
  </ItemGroup>
  <ItemGroup>
    <ClInclude Include="..\include\atmosphere.h">
      <Filter>头文件</Filter>
    </ClInclude>
    <ClInclude Include="..\include\background.h">
      <Filter>头文件</Filter>
    </ClInclude>
    <ClInclude Include="..\include\camera.h">
      <Filter>头文件</Filter>
    </ClInclude>
    <ClInclude Include="..\include\chunk.h">
      <Filter>头文件</Filter>
    </ClInclude>
    <ClInclude Include="..\include\chunktable.h">
      <Filter>头文件</Filter>
    </ClInclude>
    <ClInclude Include="..\include\ease.h">
      <Filter>头文件</Filter>
    </ClInclude>
    <ClInclude Include="..\include\file.h">
      <Filter>头文件</Filter>
    </ClInclude>
    <ClInclude Include="..\include\io.h">
      <Filter>头文件</Filter>
    </ClInclude>
    <ClInclude Include="..\include\light.h">
      <Filter>头文件</Filter>
    </ClInclude>
    <ClInclude Include="..\include\material.h">
      <Filter>头文件</Filter>
    </ClInclude>
    <ClInclude Include="..\include\matrix.h">
      <Filter>头文件</Filter>
    </ClInclude>
    <ClInclude Include="..\include\mesh.h">
      <Filter>头文件</Filter>
    </ClInclude>
    <ClInclude Include="..\include\node.h">
      <Filter>头文件</Filter>
    </ClInclude>
    <ClInclude Include="..\include\quat.h">
      <Filter>头文件</Filter>
    </ClInclude>
    <ClInclude Include="..\include\shadow.h">
      <Filter>头文件</Filter>
    </ClInclude>
    <ClInclude Include="..\include\tcb.h">
      <Filter>头文件</Filter>
    </ClInclude>
    <ClInclude Include="..\include\tracks.h">
      <Filter>头文件</Filter>
    </ClInclude>
    <ClInclude Include="..\include\types.h">
      <Filter>头文件</Filter>
    </ClInclude>
    <ClInclude Include="..\include\vector.h">
      <Filter>头文件</Filter>
    </ClInclude>
    <ClInclude Include="..\include\viewport.h">
      <Filter>头文件</Filter>
    </ClInclude>
  </ItemGroup>
</Project>